<?xml version="1.0" encoding="utf-8"?>
<Project ToolsVersion="4.0" xmlns="http://schemas.microsoft.com/developer/msbuild/2003">
  <ItemGroup>
    <Filter Include="Source Files">
      <UniqueIdentifier>{4FC737F1-C7A5-4376-A066-2A32D752A2FF}</UniqueIdentifier>
      <Extensions>cpp;c;cc;cxx;def;odl;idl;hpj;bat;asm;asmx</Extensions>
    </Filter>
    <Filter Include="Header Files">
      <UniqueIdentifier>{93995380-89BD-4b04-88EB-625FBE52EBFB}</UniqueIdentifier>
      <Extensions>h;hh;hpp;hxx;hm;inl;inc;xsd</Extensions>
    </Filter>
  </ItemGroup>
  <ItemGroup>
    <ClInclude Include="Result.h">
      <Filter>Header Files</Filter>
    </ClInclude>
    <ClInclude Include="Logger.h">
      <Filter>Header Files</Filter>
    </ClInclude>
    <ClInclude Include="strfmt.h">
      <Filter>Header Files</Filter>
    </ClInclude>
    <ClInclude Include="circular_buffer.h">
      <Filter>Header Files</Filter>
    </ClInclude>
    <ClInclude Include="time_fmt.h">
      <Filter>Header Files</Filter>
    </ClInclude>
    <ClInclude Include="srwlock.h">
      <Filter>Header Files</Filter>
    </ClInclude>
    <ClInclude Include="MurmurHash3.h">
      <Filter>Header Files</Filter>
    </ClInclude>
    <ClInclude Include="sparsepp.h">
      <Filter>Header Files</Filter>
    </ClInclude>
    <ClInclude Include="Constants.h">
      <Filter>Header Files</Filter>
    </ClInclude>
    <ClInclude Include="error_codes.h">
      <Filter>Header Files</Filter>
    </ClInclude>
    <ClInclude Include="common.h">
      <Filter>Header Files</Filter>
    </ClInclude>
    <ClInclude Include="safe_buffer.h">
      <Filter>Header Files</Filter>
    </ClInclude>
    <ClInclude Include="safe_buffer_list.h">
      <Filter>Header Files</Filter>
    </ClInclude>
    <ClInclude Include="serialize_block.h">
      <Filter>Header Files</Filter>
    </ClInclude>
    <ClInclude Include="not_implemented_exception.h">
      <Filter>Header Files</Filter>
    </ClInclude>
    <ClInclude Include="time_helpers.h">
      <Filter>Header Files</Filter>
    </ClInclude>
    <ClInclude Include="stop_watch.h">
      <Filter>Header Files</Filter>
    </ClInclude>
  </ItemGroup>
  <ItemGroup>
    <ClCompile Include="MurmurHash3.cpp">
      <Filter>Source Files</Filter>
    </ClCompile>
    <ClCompile Include="safe_buffer.cpp">
      <Filter>Source Files</Filter>
    </ClCompile>
    <ClCompile Include="safe_buffer_list.cpp">
      <Filter>Source Files</Filter>
    </ClCompile>
    <ClCompile Include="serialize_block.cpp">
      <Filter>Source Files</Filter>
    </ClCompile>
    <ClCompile Include="time_helpers.cpp">
      <Filter>Source Files</Filter>
    </ClCompile>
  </ItemGroup>
</Project>