<?xml version="1.0" encoding="utf-8"?>
<Project ToolsVersion="4.0" xmlns="http://schemas.microsoft.com/developer/msbuild/2003">
  <ItemGroup>
    <Filter Include="Source Files">
      <UniqueIdentifier>{4FC737F1-C7A5-4376-A066-2A32D752A2FF}</UniqueIdentifier>
      <Extensions>cpp;c;cc;cxx;def;odl;idl;hpj;bat;asm;asmx</Extensions>
    </Filter>
    <Filter Include="Header Files">
      <UniqueIdentifier>{93995380-89BD-4b04-88EB-625FBE52EBFB}</UniqueIdentifier>
      <Extensions>h;hh;hpp;hxx;hm;inl;inc;xsd</Extensions>
    </Filter>
    <Filter Include="TimeSeries">
      <UniqueIdentifier>{e1f6161b-a396-4313-ab79-715cb150506b}</UniqueIdentifier>
    </Filter>
    <Filter Include="Compressor">
      <UniqueIdentifier>{c72c9f97-34d6-43ba-82fb-2e6a207c346f}</UniqueIdentifier>
    </Filter>
  </ItemGroup>
  <ItemGroup>
    <ClInclude Include="Compressor\Decompressor.h">
      <Filter>Compressor</Filter>
    </ClInclude>
    <ClInclude Include="Compressor\Compressor.h">
      <Filter>Compressor</Filter>
    </ClInclude>
    <ClInclude Include="Constants.h">
      <Filter>Header Files</Filter>
    </ClInclude>
    <ClInclude Include="ErrorCodes.h">
      <Filter>Header Files</Filter>
    </ClInclude>
    <ClInclude Include="common.h">
      <Filter>Header Files</Filter>
    </ClInclude>
    <ClInclude Include="bit_utils.h">
      <Filter>Header Files</Filter>
    </ClInclude>
    <ClInclude Include="bit_stream.h">
      <Filter>Header Files</Filter>
    </ClInclude>
    <ClInclude Include="ts_type.h">
      <Filter>TimeSeries</Filter>
    </ClInclude>
    <ClInclude Include="ts_point.h">
      <Filter>TimeSeries</Filter>
    </ClInclude>
    <ClInclude Include="ts_properties.h">
      <Filter>TimeSeries</Filter>
    </ClInclude>
    <ClInclude Include="ts_catalog.h">
      <Filter>TimeSeries</Filter>
    </ClInclude>
    <ClInclude Include="ts_bucket.h">
      <Filter>TimeSeries</Filter>
    </ClInclude>
    <ClInclude Include="time_series.h">
      <Filter>TimeSeries</Filter>
    </ClInclude>
    <ClInclude Include="ts_resolution.h">
      <Filter>TimeSeries</Filter>
    </ClInclude>
  </ItemGroup>
  <ItemGroup>
    <ClCompile Include="Compressor\Compressor.cpp">
      <Filter>Compressor</Filter>
    </ClCompile>
    <ClCompile Include="Compressor\Decompressor.cpp">
      <Filter>Compressor</Filter>
    </ClCompile>
    <ClCompile Include="bit_utils.cpp">
      <Filter>Source Files</Filter>
    </ClCompile>
    <ClCompile Include="bit_stream.cpp">
      <Filter>Source Files</Filter>
    </ClCompile>
    <ClCompile Include="ts_catalog.cpp">
      <Filter>TimeSeries</Filter>
    </ClCompile>
    <ClCompile Include="ts_bucket.cpp">
      <Filter>TimeSeries</Filter>
    </ClCompile>
    <ClCompile Include="time_series.cpp">
      <Filter>TimeSeries</Filter>
    </ClCompile>
  </ItemGroup>
</Project>